
Microsoft Visual Studio Solution File, Format Version 12.00
# Visual Studio Version 17
VisualStudioVersion = 17.1.32421.90
MinimumVisualStudioVersion = 10.0.40219.1
Project("{FAE04EC0-301F-11D3-BF4B-00C04F79EFBC}") = "apAlunos", "apAlunos\apAlunos.csproj", "{430B7FBB-0736-4F8F-86A7-3C6B0870A958}"
EndProject
Global
	GlobalSection(SolutionConfigurationPlatforms) = preSolution
		Debug|Any CPU = Debug|Any CPU
		Release|Any CPU = Release|Any CPU
	EndGlobalSection
	GlobalSection(ProjectConfigurationPlatforms) = postSolution
		{430B7FBB-0736-4F8F-86A7-3C6B0870A958}.Debug|Any CPU.ActiveCfg = Debug|Any CPU
		{430B7FBB-0736-4F8F-86A7-3C6B0870A958}.Debug|Any CPU.Build.0 = Debug|Any CPU
		{430B7FBB-0736-4F8F-86A7-3C6B0870A958}.Release|Any CPU.ActiveCfg = Release|Any CPU
		{430B7FBB-0736-4F8F-86A7-3C6B0870A958}.Release|Any CPU.Build.0 = Release|Any CPU
	EndGlobalSection
	GlobalSection(SolutionProperties) = preSolution
		HideSolutionNode = FALSE
	EndGlobalSection
	GlobalSection(ExtensibilityGlobals) = postSolution
		SolutionGuid = {4CCAB6EF-B255-4863-AEA3-0AEE190CFFDA}
	EndGlobalSection
EndGlobal
